
Microsoft Visual Studio Solution File, Format Version 12.00
# Visual Studio 2012
Project("{FAE04EC0-301F-11D3-BF4B-00C04F79EFBC}") = "XLN.Game.Common", "XLN.Game.Common.csproj", "{2226E50C-7A6C-4238-8F82-690F7638637C}"
EndProject
Project("{FAE04EC0-301F-11D3-BF4B-00C04F79EFBC}") = "Thrift", "..\..\thrift\lib\csharp\src\Thrift.csproj", "{499EB63C-D74C-47E8-AE48-A2FC94538E9D}"
EndProject
Project("{FAE04EC0-301F-11D3-BF4B-00C04F79EFBC}") = "XLN.Game.Unity", "..\XLN.Game.Unity\XLN.Game.Unity.csproj", "{979A2102-6386-4E14-915C-055F9E5D8695}"
EndProject
Project("{FAE04EC0-301F-11D3-BF4B-00C04F79EFBC}") = "Spring.Core.2010", "..\spring-net\src\Spring\Spring.Core\Spring.Core.2010.csproj", "{710961A3-0DF4-49E4-A26E-F5B9C044AC84}"
EndProject
Global
	GlobalSection(SolutionConfigurationPlatforms) = preSolution
		Debug|Any CPU = Debug|Any CPU
		Release|Any CPU = Release|Any CPU
	EndGlobalSection
	GlobalSection(ProjectConfigurationPlatforms) = postSolution
		{2226E50C-7A6C-4238-8F82-690F7638637C}.Debug|Any CPU.ActiveCfg = Debug|Any CPU
		{2226E50C-7A6C-4238-8F82-690F7638637C}.Debug|Any CPU.Build.0 = Debug|Any CPU
		{2226E50C-7A6C-4238-8F82-690F7638637C}.Release|Any CPU.ActiveCfg = Release|Any CPU
		{2226E50C-7A6C-4238-8F82-690F7638637C}.Release|Any CPU.Build.0 = Release|Any CPU
		{499EB63C-D74C-47E8-AE48-A2FC94538E9D}.Debug|Any CPU.ActiveCfg = Debug|Any CPU
		{499EB63C-D74C-47E8-AE48-A2FC94538E9D}.Debug|Any CPU.Build.0 = Debug|Any CPU
		{499EB63C-D74C-47E8-AE48-A2FC94538E9D}.Release|Any CPU.ActiveCfg = Release|Any CPU
		{499EB63C-D74C-47E8-AE48-A2FC94538E9D}.Release|Any CPU.Build.0 = Release|Any CPU
		{979A2102-6386-4E14-915C-055F9E5D8695}.Debug|Any CPU.ActiveCfg = Debug|Any CPU
		{979A2102-6386-4E14-915C-055F9E5D8695}.Debug|Any CPU.Build.0 = Debug|Any CPU
		{979A2102-6386-4E14-915C-055F9E5D8695}.Release|Any CPU.ActiveCfg = Release|Any CPU
		{979A2102-6386-4E14-915C-055F9E5D8695}.Release|Any CPU.Build.0 = Release|Any CPU
		{710961A3-0DF4-49E4-A26E-F5B9C044AC84}.Debug|Any CPU.ActiveCfg = Debug|Any CPU
		{710961A3-0DF4-49E4-A26E-F5B9C044AC84}.Debug|Any CPU.Build.0 = Debug|Any CPU
		{710961A3-0DF4-49E4-A26E-F5B9C044AC84}.Release|Any CPU.ActiveCfg = Release|Any CPU
		{710961A3-0DF4-49E4-A26E-F5B9C044AC84}.Release|Any CPU.Build.0 = Release|Any CPU
	EndGlobalSection
EndGlobal
