
Microsoft Visual Studio Solution File, Format Version 12.00
# Visual Studio 2012
Project("{FAE04EC0-301F-11D3-BF4B-00C04F79EFBC}") = "XLN.Game.Common", "XLN.Game.Common.csproj", "{2226E50C-7A6C-4238-8F82-690F7638637C}"
EndProject
Project("{FAE04EC0-301F-11D3-BF4B-00C04F79EFBC}") = "XLN.Game.Unity", "..\XLN.Game.Unity\XLN.Game.Unity.csproj", "{979A2102-6386-4E14-915C-055F9E5D8695}"
EndProject
Project("{FAE04EC0-301F-11D3-BF4B-00C04F79EFBC}") = "Thrift.45", "..\..\thrift\lib\csharp\src\Thrift.45.csproj", "{EBCE35DA-CF6A-42BC-A357-A9C09B534299}"
EndProject
Global
	GlobalSection(SolutionConfigurationPlatforms) = preSolution
		Debug|Any CPU = Debug|Any CPU
		Release|Any CPU = Release|Any CPU
	EndGlobalSection
	GlobalSection(ProjectConfigurationPlatforms) = postSolution
		{2226E50C-7A6C-4238-8F82-690F7638637C}.Debug|Any CPU.ActiveCfg = Debug|Any CPU
		{2226E50C-7A6C-4238-8F82-690F7638637C}.Debug|Any CPU.Build.0 = Debug|Any CPU
		{2226E50C-7A6C-4238-8F82-690F7638637C}.Release|Any CPU.ActiveCfg = Release|Any CPU
		{2226E50C-7A6C-4238-8F82-690F7638637C}.Release|Any CPU.Build.0 = Release|Any CPU
		{979A2102-6386-4E14-915C-055F9E5D8695}.Debug|Any CPU.ActiveCfg = Debug|Any CPU
		{979A2102-6386-4E14-915C-055F9E5D8695}.Debug|Any CPU.Build.0 = Debug|Any CPU
		{979A2102-6386-4E14-915C-055F9E5D8695}.Release|Any CPU.ActiveCfg = Release|Any CPU
		{979A2102-6386-4E14-915C-055F9E5D8695}.Release|Any CPU.Build.0 = Release|Any CPU
		{EBCE35DA-CF6A-42BC-A357-A9C09B534299}.Debug|Any CPU.ActiveCfg = Debug|Any CPU
		{EBCE35DA-CF6A-42BC-A357-A9C09B534299}.Debug|Any CPU.Build.0 = Debug|Any CPU
		{EBCE35DA-CF6A-42BC-A357-A9C09B534299}.Release|Any CPU.ActiveCfg = Release|Any CPU
		{EBCE35DA-CF6A-42BC-A357-A9C09B534299}.Release|Any CPU.Build.0 = Release|Any CPU
	EndGlobalSection
EndGlobal
